
Microsoft Visual Studio Solution File, Format Version 12.00
# Visual Studio Version 17
VisualStudioVersion = 17.0.32112.339
MinimumVisualStudioVersion = 10.0.40219.1
Project("{FAE04EC0-301F-11D3-BF4B-00C04F79EFBC}") = "PM02EJ12.Android", "PM02EJ12\PM02EJ12.Android\PM02EJ12.Android.csproj", "{4C76ADF0-2658-411B-8DD8-B5899CEAA40C}"
EndProject
Project("{FAE04EC0-301F-11D3-BF4B-00C04F79EFBC}") = "PM02EJ12.iOS", "PM02EJ12\PM02EJ12.iOS\PM02EJ12.iOS.csproj", "{5C19F499-7326-4605-86A6-9C6D8FB846C6}"
EndProject
Project("{FAE04EC0-301F-11D3-BF4B-00C04F79EFBC}") = "PM02EJ12", "PM02EJ12\PM02EJ12\PM02EJ12.csproj", "{79D6CF12-594A-43DF-9531-11B7C5F80C3D}"
EndProject
Global
	GlobalSection(SolutionConfigurationPlatforms) = preSolution
		Debug|Any CPU = Debug|Any CPU
		Debug|iPhone = Debug|iPhone
		Debug|iPhoneSimulator = Debug|iPhoneSimulator
		Release|Any CPU = Release|Any CPU
		Release|iPhone = Release|iPhone
		Release|iPhoneSimulator = Release|iPhoneSimulator
	EndGlobalSection
	GlobalSection(ProjectConfigurationPlatforms) = postSolution
		{4C76ADF0-2658-411B-8DD8-B5899CEAA40C}.Debug|Any CPU.ActiveCfg = Debug|Any CPU
		{4C76ADF0-2658-411B-8DD8-B5899CEAA40C}.Debug|Any CPU.Build.0 = Debug|Any CPU
		{4C76ADF0-2658-411B-8DD8-B5899CEAA40C}.Debug|Any CPU.Deploy.0 = Debug|Any CPU
		{4C76ADF0-2658-411B-8DD8-B5899CEAA40C}.Debug|iPhone.ActiveCfg = Debug|Any CPU
		{4C76ADF0-2658-411B-8DD8-B5899CEAA40C}.Debug|iPhone.Build.0 = Debug|Any CPU
		{4C76ADF0-2658-411B-8DD8-B5899CEAA40C}.Debug|iPhone.Deploy.0 = Debug|Any CPU
		{4C76ADF0-2658-411B-8DD8-B5899CEAA40C}.Debug|iPhoneSimulator.ActiveCfg = Debug|Any CPU
		{4C76ADF0-2658-411B-8DD8-B5899CEAA40C}.Debug|iPhoneSimulator.Build.0 = Debug|Any CPU
		{4C76ADF0-2658-411B-8DD8-B5899CEAA40C}.Debug|iPhoneSimulator.Deploy.0 = Debug|Any CPU
		{4C76ADF0-2658-411B-8DD8-B5899CEAA40C}.Release|Any CPU.ActiveCfg = Release|Any CPU
		{4C76ADF0-2658-411B-8DD8-B5899CEAA40C}.Release|Any CPU.Build.0 = Release|Any CPU
		{4C76ADF0-2658-411B-8DD8-B5899CEAA40C}.Release|Any CPU.Deploy.0 = Release|Any CPU
		{4C76ADF0-2658-411B-8DD8-B5899CEAA40C}.Release|iPhone.ActiveCfg = Release|Any CPU
		{4C76ADF0-2658-411B-8DD8-B5899CEAA40C}.Release|iPhone.Build.0 = Release|Any CPU
		{4C76ADF0-2658-411B-8DD8-B5899CEAA40C}.Release|iPhone.Deploy.0 = Release|Any CPU
		{4C76ADF0-2658-411B-8DD8-B5899CEAA40C}.Release|iPhoneSimulator.ActiveCfg = Release|Any CPU
		{4C76ADF0-2658-411B-8DD8-B5899CEAA40C}.Release|iPhoneSimulator.Build.0 = Release|Any CPU
		{4C76ADF0-2658-411B-8DD8-B5899CEAA40C}.Release|iPhoneSimulator.Deploy.0 = Release|Any CPU
		{5C19F499-7326-4605-86A6-9C6D8FB846C6}.Debug|Any CPU.ActiveCfg = Debug|iPhone
		{5C19F499-7326-4605-86A6-9C6D8FB846C6}.Debug|Any CPU.Build.0 = Debug|iPhone
		{5C19F499-7326-4605-86A6-9C6D8FB846C6}.Debug|Any CPU.Deploy.0 = Debug|iPhone
		{5C19F499-7326-4605-86A6-9C6D8FB846C6}.Debug|iPhone.ActiveCfg = Debug|iPhone
		{5C19F499-7326-4605-86A6-9C6D8FB846C6}.Debug|iPhone.Build.0 = Debug|iPhone
		{5C19F499-7326-4605-86A6-9C6D8FB846C6}.Debug|iPhone.Deploy.0 = Debug|iPhone
		{5C19F499-7326-4605-86A6-9C6D8FB846C6}.Debug|iPhoneSimulator.ActiveCfg = Debug|iPhoneSimulator
		{5C19F499-7326-4605-86A6-9C6D8FB846C6}.Debug|iPhoneSimulator.Build.0 = Debug|iPhoneSimulator
		{5C19F499-7326-4605-86A6-9C6D8FB846C6}.Debug|iPhoneSimulator.Deploy.0 = Debug|iPhoneSimulator
		{5C19F499-7326-4605-86A6-9C6D8FB846C6}.Release|Any CPU.ActiveCfg = Release|iPhoneSimulator
		{5C19F499-7326-4605-86A6-9C6D8FB846C6}.Release|Any CPU.Build.0 = Release|iPhoneSimulator
		{5C19F499-7326-4605-86A6-9C6D8FB846C6}.Release|Any CPU.Deploy.0 = Release|iPhoneSimulator
		{5C19F499-7326-4605-86A6-9C6D8FB846C6}.Release|iPhone.ActiveCfg = Release|iPhone
		{5C19F499-7326-4605-86A6-9C6D8FB846C6}.Release|iPhone.Build.0 = Release|iPhone
		{5C19F499-7326-4605-86A6-9C6D8FB846C6}.Release|iPhone.Deploy.0 = Release|iPhone
		{5C19F499-7326-4605-86A6-9C6D8FB846C6}.Release|iPhoneSimulator.ActiveCfg = Release|iPhoneSimulator
		{5C19F499-7326-4605-86A6-9C6D8FB846C6}.Release|iPhoneSimulator.Build.0 = Release|iPhoneSimulator
		{5C19F499-7326-4605-86A6-9C6D8FB846C6}.Release|iPhoneSimulator.Deploy.0 = Release|iPhoneSimulator
		{79D6CF12-594A-43DF-9531-11B7C5F80C3D}.Debug|Any CPU.ActiveCfg = Debug|Any CPU
		{79D6CF12-594A-43DF-9531-11B7C5F80C3D}.Debug|Any CPU.Build.0 = Debug|Any CPU
		{79D6CF12-594A-43DF-9531-11B7C5F80C3D}.Debug|Any CPU.Deploy.0 = Debug|Any CPU
		{79D6CF12-594A-43DF-9531-11B7C5F80C3D}.Debug|iPhone.ActiveCfg = Debug|Any CPU
		{79D6CF12-594A-43DF-9531-11B7C5F80C3D}.Debug|iPhone.Build.0 = Debug|Any CPU
		{79D6CF12-594A-43DF-9531-11B7C5F80C3D}.Debug|iPhone.Deploy.0 = Debug|Any CPU
		{79D6CF12-594A-43DF-9531-11B7C5F80C3D}.Debug|iPhoneSimulator.ActiveCfg = Debug|Any CPU
		{79D6CF12-594A-43DF-9531-11B7C5F80C3D}.Debug|iPhoneSimulator.Build.0 = Debug|Any CPU
		{79D6CF12-594A-43DF-9531-11B7C5F80C3D}.Debug|iPhoneSimulator.Deploy.0 = Debug|Any CPU
		{79D6CF12-594A-43DF-9531-11B7C5F80C3D}.Release|Any CPU.ActiveCfg = Release|Any CPU
		{79D6CF12-594A-43DF-9531-11B7C5F80C3D}.Release|Any CPU.Build.0 = Release|Any CPU
		{79D6CF12-594A-43DF-9531-11B7C5F80C3D}.Release|Any CPU.Deploy.0 = Release|Any CPU
		{79D6CF12-594A-43DF-9531-11B7C5F80C3D}.Release|iPhone.ActiveCfg = Release|Any CPU
		{79D6CF12-594A-43DF-9531-11B7C5F80C3D}.Release|iPhone.Build.0 = Release|Any CPU
		{79D6CF12-594A-43DF-9531-11B7C5F80C3D}.Release|iPhone.Deploy.0 = Release|Any CPU
		{79D6CF12-594A-43DF-9531-11B7C5F80C3D}.Release|iPhoneSimulator.ActiveCfg = Release|Any CPU
		{79D6CF12-594A-43DF-9531-11B7C5F80C3D}.Release|iPhoneSimulator.Build.0 = Release|Any CPU
		{79D6CF12-594A-43DF-9531-11B7C5F80C3D}.Release|iPhoneSimulator.Deploy.0 = Release|Any CPU
	EndGlobalSection
	GlobalSection(SolutionProperties) = preSolution
		HideSolutionNode = FALSE
	EndGlobalSection
	GlobalSection(ExtensibilityGlobals) = postSolution
		SolutionGuid = {4D4C4319-30B8-4959-9812-7BA144661C26}
	EndGlobalSection
EndGlobal
